{
  "name": "Blessed AccessByjomari",
  "description": "A premium socio-economic operating system for Blessed Access members, featuring a secure member portal, admin governance panel, and integrated digital wallet.",
  "requestFramePermissions": [
    "camera",
    "microphone",
    "geolocation"
  ]
}